
Microsoft Visual Studio Solution File, Format Version 12.00
# Visual Studio 15
VisualStudioVersion = 15.0.28307.757
MinimumVisualStudioVersion = 10.0.40219.1
Project("{FAE04EC0-301F-11D3-BF4B-00C04F79EFBC}") = "Hessian", "NHessian\NHessian.csproj", "{D65C4C4D-87F7-4546-8A93-77D51EFCA6DD}"
EndProject
Project("{FAE04EC0-301F-11D3-BF4B-00C04F79EFBC}") = "Hessian.Tests", "NHessian.Tests\NHessian.Tests.csproj", "{E65A2A35-F155-4C7B-BEC5-F9E631D34991}"
EndProject
Global
	GlobalSection(SolutionConfigurationPlatforms) = preSolution
		Debug|Any CPU = Debug|Any CPU
		Release|Any CPU = Release|Any CPU
	EndGlobalSection
	GlobalSection(ProjectConfigurationPlatforms) = postSolution
		{D65C4C4D-87F7-4546-8A93-77D51EFCA6DD}.Debug|Any CPU.ActiveCfg = Debug|Any CPU
		{D65C4C4D-87F7-4546-8A93-77D51EFCA6DD}.Debug|Any CPU.Build.0 = Debug|Any CPU
		{D65C4C4D-87F7-4546-8A93-77D51EFCA6DD}.Release|Any CPU.ActiveCfg = Release|Any CPU
		{D65C4C4D-87F7-4546-8A93-77D51EFCA6DD}.Release|Any CPU.Build.0 = Release|Any CPU
		{E65A2A35-F155-4C7B-BEC5-F9E631D34991}.Debug|Any CPU.ActiveCfg = Debug|Any CPU
		{E65A2A35-F155-4C7B-BEC5-F9E631D34991}.Debug|Any CPU.Build.0 = Debug|Any CPU
		{E65A2A35-F155-4C7B-BEC5-F9E631D34991}.Release|Any CPU.ActiveCfg = Release|Any CPU
		{E65A2A35-F155-4C7B-BEC5-F9E631D34991}.Release|Any CPU.Build.0 = Release|Any CPU
	EndGlobalSection
	GlobalSection(SolutionProperties) = preSolution
		HideSolutionNode = FALSE
	EndGlobalSection
	GlobalSection(ExtensibilityGlobals) = postSolution
		SolutionGuid = {F80274AB-FD4D-4C34-9D44-5A85C8B40A52}
	EndGlobalSection
EndGlobal
